
Microsoft Visual Studio Solution File, Format Version 12.00
# Visual Studio 15
VisualStudioVersion = 15.0.26730.16
MinimumVisualStudioVersion = 10.0.40219.1
Project("{FAE04EC0-301F-11D3-BF4B-00C04F79EFBC}") = "Wcf.StructureMap.Web", "WCF.StructureMap.Web\Wcf.StructureMap.Web.csproj", "{2243883E-44A5-479D-A970-E70760626005}"
EndProject
Project("{FAE04EC0-301F-11D3-BF4B-00C04F79EFBC}") = "Wcf.StructureMap.Services", "WCF.StructureMap.Services\Wcf.StructureMap.Services.csproj", "{62497DF9-5A91-4900-982E-C0DBED3D5CFA}"
EndProject
Project("{FAE04EC0-301F-11D3-BF4B-00C04F79EFBC}") = "Wcf.StructureMap", "WCF.StructureMap\Wcf.StructureMap.csproj", "{8008F5BA-5DCF-45BB-989D-C60C6F793DF1}"
EndProject
Project("{FAE04EC0-301F-11D3-BF4B-00C04F79EFBC}") = "Wcf.JsonErrorHandler", "Wcf.JsonErrorHandler\Wcf.JsonErrorHandler.csproj", "{C3141D4B-8A67-462B-B506-0F7B5DA25C43}"
EndProject
Global
	GlobalSection(SolutionConfigurationPlatforms) = preSolution
		Debug|Any CPU = Debug|Any CPU
		Release|Any CPU = Release|Any CPU
	EndGlobalSection
	GlobalSection(ProjectConfigurationPlatforms) = postSolution
		{2243883E-44A5-479D-A970-E70760626005}.Debug|Any CPU.ActiveCfg = Debug|Any CPU
		{2243883E-44A5-479D-A970-E70760626005}.Debug|Any CPU.Build.0 = Debug|Any CPU
		{2243883E-44A5-479D-A970-E70760626005}.Release|Any CPU.ActiveCfg = Release|Any CPU
		{2243883E-44A5-479D-A970-E70760626005}.Release|Any CPU.Build.0 = Release|Any CPU
		{62497DF9-5A91-4900-982E-C0DBED3D5CFA}.Debug|Any CPU.ActiveCfg = Debug|Any CPU
		{62497DF9-5A91-4900-982E-C0DBED3D5CFA}.Debug|Any CPU.Build.0 = Debug|Any CPU
		{62497DF9-5A91-4900-982E-C0DBED3D5CFA}.Release|Any CPU.ActiveCfg = Release|Any CPU
		{62497DF9-5A91-4900-982E-C0DBED3D5CFA}.Release|Any CPU.Build.0 = Release|Any CPU
		{8008F5BA-5DCF-45BB-989D-C60C6F793DF1}.Debug|Any CPU.ActiveCfg = Debug|Any CPU
		{8008F5BA-5DCF-45BB-989D-C60C6F793DF1}.Debug|Any CPU.Build.0 = Debug|Any CPU
		{8008F5BA-5DCF-45BB-989D-C60C6F793DF1}.Release|Any CPU.ActiveCfg = Release|Any CPU
		{8008F5BA-5DCF-45BB-989D-C60C6F793DF1}.Release|Any CPU.Build.0 = Release|Any CPU
		{C3141D4B-8A67-462B-B506-0F7B5DA25C43}.Debug|Any CPU.ActiveCfg = Debug|Any CPU
		{C3141D4B-8A67-462B-B506-0F7B5DA25C43}.Debug|Any CPU.Build.0 = Debug|Any CPU
		{C3141D4B-8A67-462B-B506-0F7B5DA25C43}.Release|Any CPU.ActiveCfg = Release|Any CPU
		{C3141D4B-8A67-462B-B506-0F7B5DA25C43}.Release|Any CPU.Build.0 = Release|Any CPU
	EndGlobalSection
	GlobalSection(SolutionProperties) = preSolution
		HideSolutionNode = FALSE
	EndGlobalSection
	GlobalSection(ExtensibilityGlobals) = postSolution
		SolutionGuid = {E72871F7-461A-449F-A3A0-AD9B7EB1F650}
	EndGlobalSection
EndGlobal
